<?xml version="1.0" encoding="UTF-8"?>
<Scheme
   version = "1.3">
   <BuildAction>
      <BuildActionEntries>
         <BuildActionEntry
            buildForRunning = "YES">
            <BuildableReference
               BuildableIdentifier = "primary"
               BlueprintIdentifier = "97AD1A2D2C624E020045C38D"
               BuildableName = "MiMiNavigator"
               BlueprintName = "MiMiNavigator"
               ReferencedContainer = "container:MiMiNavigator.xcodeproj">
            </BuildableReference>
         </BuildActionEntry>
      </BuildActionEntries>
   </BuildAction>
   <LaunchAction
      useCustomWorkingDirectory = "NO"
      buildConfiguration = "Debug"
      allowLocationSimulation = "YES">
      <BuildableProductRunnable>
         <BuildableReference
            BuildableIdentifier = "primary"
            BlueprintIdentifier = "97AD1A2D2C624E020045C38D"
            BuildableName = "MiMiNavigator"
            BlueprintName = "MiMiNavigator"
            ReferencedContainer = "container:MiMiNavigator.xcodeproj">
         </BuildableReference>
      </BuildableProductRunnable>
   </LaunchAction>
</Scheme>
