{
  "originHash" : "4d87e412d19a68ab3714d2a85f23672565beb7a0c979d1b70713ef572a45a833",
  "pins" : [
    {
      "identity" : "fileprovider",
      "kind" : "remoteSourceControl",
      "location" : "https://github.com/amosavian/FileProvider",
      "state" : {
        "revision" : "5d31778376af168ac917e0b1e8d2c4ee64cb246c",
        "version" : "0.26.0"
      }
    },
    {
      "identity" : "swift-system",
      "kind" : "remoteSourceControl",
      "location" : "https://github.com/apple/swift-system.git",
      "state" : {
        "revision" : "7c6ad0fc39d0763e0b699210e4124afd5041c5df",
        "version" : "1.6.4"
      }
    },
    {
      "identity" : "swiftybeaver",
      "kind" : "remoteSourceControl",
      "location" : "https://github.com/SwiftyBeaver/SwiftyBeaver",
      "state" : {
        "revision" : "8cba041db09596183331d123f337d0eb2e6e8e91",
        "version" : "2.1.1"
      }
    }
  ],
  "version" : 3
}
