// !$*UTF8*$!
{
	archiveVersion = 1;
	classes = {
	};
	objectVersion = 56;
	objects = {

/* Begin PBXBuildFile section */
		9717B0142CA7548100D8B2EF /* UserPreferences.swift in Sources */ = {isa = PBXBuildFile; fileRef = 9717B0132CA7547D00D8B2EF /* UserPreferences.swift */; };
		97AD1A322C624E020045C38D /* MiMiNavigatorApp.swift in Sources */ = {isa = PBXBuildFile; fileRef = 97AD1A312C624E020045C38D /* MiMiNavigatorApp.swift */; };
		97AD1A342C624E020045C38D /* ContentView.swift in Sources */ = {isa = PBXBuildFile; fileRef = 97AD1A332C624E020045C38D /* ContentView.swift */; };
		97AD1A362C624E020045C38D /* Item.swift in Sources */ = {isa = PBXBuildFile; fileRef = 97AD1A352C624E020045C38D /* Item.swift */; };
		97AD1A382C624E040045C38D /* Assets.xcassets in Resources */ = {isa = PBXBuildFile; fileRef = 97AD1A372C624E040045C38D /* Assets.xcassets */; };
		97AD1A3B2C624E040045C38D /* Preview Assets.xcassets in Resources */ = {isa = PBXBuildFile; fileRef = 97AD1A3A2C624E040045C38D /* Preview Assets.xcassets */; };
		97AD1A462C624E040045C38D /* MiMiNavigatorTests.swift in Sources */ = {isa = PBXBuildFile; fileRef = 97AD1A452C624E040045C38D /* MiMiNavigatorTests.swift */; };
		97AD1A502C624E040045C38D /* MiMiNavigatorUITests.swift in Sources */ = {isa = PBXBuildFile; fileRef = 97AD1A4F2C624E040045C38D /* MiMiNavigatorUITests.swift */; };
		97AD1A522C624E040045C38D /* MiMiNavigatorUITestsLaunchTests.swift in Sources */ = {isa = PBXBuildFile; fileRef = 97AD1A512C624E040045C38D /* MiMiNavigatorUITestsLaunchTests.swift */; };
/* End PBXBuildFile section */

/* Begin PBXContainerItemProxy section */
		97AD1A422C624E040045C38D /* PBXContainerItemProxy */ = {
			isa = PBXContainerItemProxy;
			containerPortal = 97AD1A262C624E020045C38D /* Project object */;
			proxyType = 1;
			remoteGlobalIDString = 97AD1A2D2C624E020045C38D;
			remoteInfo = MiMiNavigator;
		};
		97AD1A4C2C624E040045C38D /* PBXContainerItemProxy */ = {
			isa = PBXContainerItemProxy;
			containerPortal = 97AD1A262C624E020045C38D /* Project object */;
			proxyType = 1;
			remoteGlobalIDString = 97AD1A2D2C624E020045C38D;
			remoteInfo = MiMiNavigator;
		};
/* End PBXContainerItemProxy section */

/* Begin PBXFileReference section */
		9717B0132CA7547D00D8B2EF /* UserPreferences.swift */ = {isa = PBXFileReference; lastKnownFileType = sourcecode.swift; path = UserPreferences.swift; sourceTree = "<group>"; };
		9717B0152CA7558B00D8B2EF /* MiMiNavigatorRelease.entitlements */ = {isa = PBXFileReference; lastKnownFileType = text.plist.entitlements; path = MiMiNavigatorRelease.entitlements; sourceTree = "<group>"; };
		979482F02C79633A00B55AF3 /* Info.plist */ = {isa = PBXFileReference; lastKnownFileType = text.plist; path = Info.plist; sourceTree = "<group>"; };
		97AD1A2E2C624E020045C38D /* MiMiNavigator.app */ = {isa = PBXFileReference; explicitFileType = wrapper.application; includeInIndex = 0; path = MiMiNavigator.app; sourceTree = BUILT_PRODUCTS_DIR; };
		97AD1A312C624E020045C38D /* MiMiNavigatorApp.swift */ = {isa = PBXFileReference; lastKnownFileType = sourcecode.swift; path = MiMiNavigatorApp.swift; sourceTree = "<group>"; };
		97AD1A332C624E020045C38D /* ContentView.swift */ = {isa = PBXFileReference; lastKnownFileType = sourcecode.swift; path = ContentView.swift; sourceTree = "<group>"; wrapsLines = 1; };
		97AD1A352C624E020045C38D /* Item.swift */ = {isa = PBXFileReference; lastKnownFileType = sourcecode.swift; path = Item.swift; sourceTree = "<group>"; };
		97AD1A372C624E040045C38D /* Assets.xcassets */ = {isa = PBXFileReference; lastKnownFileType = folder.assetcatalog; path = Assets.xcassets; sourceTree = "<group>"; };
		97AD1A3A2C624E040045C38D /* Preview Assets.xcassets */ = {isa = PBXFileReference; lastKnownFileType = folder.assetcatalog; path = "Preview Assets.xcassets"; sourceTree = "<group>"; };
		97AD1A3C2C624E040045C38D /* MiMiNavigator.entitlements */ = {isa = PBXFileReference; lastKnownFileType = text.plist.entitlements; path = MiMiNavigator.entitlements; sourceTree = "<group>"; };
		97AD1A412C624E040045C38D /* MiMiNavigatorTests.xctest */ = {isa = PBXFileReference; explicitFileType = wrapper.cfbundle; includeInIndex = 0; path = MiMiNavigatorTests.xctest; sourceTree = BUILT_PRODUCTS_DIR; };
		97AD1A452C624E040045C38D /* MiMiNavigatorTests.swift */ = {isa = PBXFileReference; lastKnownFileType = sourcecode.swift; path = MiMiNavigatorTests.swift; sourceTree = "<group>"; };
		97AD1A4B2C624E040045C38D /* MiMiNavigatorUITests.xctest */ = {isa = PBXFileReference; explicitFileType = wrapper.cfbundle; includeInIndex = 0; path = MiMiNavigatorUITests.xctest; sourceTree = BUILT_PRODUCTS_DIR; };
		97AD1A4F2C624E040045C38D /* MiMiNavigatorUITests.swift */ = {isa = PBXFileReference; lastKnownFileType = sourcecode.swift; path = MiMiNavigatorUITests.swift; sourceTree = "<group>"; };
		97AD1A512C624E040045C38D /* MiMiNavigatorUITestsLaunchTests.swift */ = {isa = PBXFileReference; lastKnownFileType = sourcecode.swift; path = MiMiNavigatorUITestsLaunchTests.swift; sourceTree = "<group>"; };
/* End PBXFileReference section */

/* Begin PBXFrameworksBuildPhase section */
		97AD1A2B2C624E020045C38D /* Frameworks */ = {
			isa = PBXFrameworksBuildPhase;
			buildActionMask = 2147483647;
			files = (
			);
			runOnlyForDeploymentPostprocessing = 0;
		};
		97AD1A3E2C624E040045C38D /* Frameworks */ = {
			isa = PBXFrameworksBuildPhase;
			buildActionMask = 2147483647;
			files = (
			);
			runOnlyForDeploymentPostprocessing = 0;
		};
		97AD1A482C624E040045C38D /* Frameworks */ = {
			isa = PBXFrameworksBuildPhase;
			buildActionMask = 2147483647;
			files = (
			);
			runOnlyForDeploymentPostprocessing = 0;
		};
/* End PBXFrameworksBuildPhase section */

/* Begin PBXGroup section */
		97AD1A252C624E020045C38D = {
			isa = PBXGroup;
			children = (
				97AD1A302C624E020045C38D /* MiMiNavigator */,
				97AD1A442C624E040045C38D /* MiMiNavigatorTests */,
				97AD1A4E2C624E040045C38D /* MiMiNavigatorUITests */,
				97AD1A2F2C624E020045C38D /* Products */,
			);
			sourceTree = "<group>";
		};
		97AD1A2F2C624E020045C38D /* Products */ = {
			isa = PBXGroup;
			children = (
				97AD1A2E2C624E020045C38D /* MiMiNavigator.app */,
				97AD1A412C624E040045C38D /* MiMiNavigatorTests.xctest */,
				97AD1A4B2C624E040045C38D /* MiMiNavigatorUITests.xctest */,
			);
			name = Products;
			sourceTree = "<group>";
		};
		97AD1A302C624E020045C38D /* MiMiNavigator */ = {
			isa = PBXGroup;
			children = (
				9717B0152CA7558B00D8B2EF /* MiMiNavigatorRelease.entitlements */,
				9717B0132CA7547D00D8B2EF /* UserPreferences.swift */,
				979482F02C79633A00B55AF3 /* Info.plist */,
				97AD1A312C624E020045C38D /* MiMiNavigatorApp.swift */,
				97AD1A332C624E020045C38D /* ContentView.swift */,
				97AD1A352C624E020045C38D /* Item.swift */,
				97AD1A372C624E040045C38D /* Assets.xcassets */,
				97AD1A3C2C624E040045C38D /* MiMiNavigator.entitlements */,
				97AD1A392C624E040045C38D /* Preview Content */,
			);
			path = MiMiNavigator;
			sourceTree = "<group>";
		};
		97AD1A392C624E040045C38D /* Preview Content */ = {
			isa = PBXGroup;
			children = (
				97AD1A3A2C624E040045C38D /* Preview Assets.xcassets */,
			);
			path = "Preview Content";
			sourceTree = "<group>";
		};
		97AD1A442C624E040045C38D /* MiMiNavigatorTests */ = {
			isa = PBXGroup;
			children = (
				97AD1A452C624E040045C38D /* MiMiNavigatorTests.swift */,
			);
			path = MiMiNavigatorTests;
			sourceTree = "<group>";
		};
		97AD1A4E2C624E040045C38D /* MiMiNavigatorUITests */ = {
			isa = PBXGroup;
			children = (
				97AD1A4F2C624E040045C38D /* MiMiNavigatorUITests.swift */,
				97AD1A512C624E040045C38D /* MiMiNavigatorUITestsLaunchTests.swift */,
			);
			path = MiMiNavigatorUITests;
			sourceTree = "<group>";
		};
/* End PBXGroup section */

/* Begin PBXNativeTarget section */
		97AD1A2D2C624E020045C38D /* MiMiNavigator */ = {
			isa = PBXNativeTarget;
			buildConfigurationList = 97AD1A552C624E040045C38D /* Build configuration list for PBXNativeTarget "MiMiNavigator" */;
			buildPhases = (
				97AD1A2A2C624E020045C38D /* Sources */,
				97AD1A2B2C624E020045C38D /* Frameworks */,
				97AD1A2C2C624E020045C38D /* Resources */,
			);
			buildRules = (
			);
			dependencies = (
			);
			name = MiMiNavigator;
			productName = MiMiNavigator;
			productReference = 97AD1A2E2C624E020045C38D /* MiMiNavigator.app */;
			productType = "com.apple.product-type.application";
		};
		97AD1A402C624E040045C38D /* MiMiNavigatorTests */ = {
			isa = PBXNativeTarget;
			buildConfigurationList = 97AD1A582C624E040045C38D /* Build configuration list for PBXNativeTarget "MiMiNavigatorTests" */;
			buildPhases = (
				97AD1A3D2C624E040045C38D /* Sources */,
				97AD1A3E2C624E040045C38D /* Frameworks */,
				97AD1A3F2C624E040045C38D /* Resources */,
			);
			buildRules = (
			);
			dependencies = (
				97AD1A432C624E040045C38D /* PBXTargetDependency */,
			);
			name = MiMiNavigatorTests;
			productName = MiMiNavigatorTests;
			productReference = 97AD1A412C624E040045C38D /* MiMiNavigatorTests.xctest */;
			productType = "com.apple.product-type.bundle.unit-test";
		};
		97AD1A4A2C624E040045C38D /* MiMiNavigatorUITests */ = {
			isa = PBXNativeTarget;
			buildConfigurationList = 97AD1A5B2C624E040045C38D /* Build configuration list for PBXNativeTarget "MiMiNavigatorUITests" */;
			buildPhases = (
				97AD1A472C624E040045C38D /* Sources */,
				97AD1A482C624E040045C38D /* Frameworks */,
				97AD1A492C624E040045C38D /* Resources */,
			);
			buildRules = (
			);
			dependencies = (
				97AD1A4D2C624E040045C38D /* PBXTargetDependency */,
			);
			name = MiMiNavigatorUITests;
			productName = MiMiNavigatorUITests;
			productReference = 97AD1A4B2C624E040045C38D /* MiMiNavigatorUITests.xctest */;
			productType = "com.apple.product-type.bundle.ui-testing";
		};
/* End PBXNativeTarget section */

/* Begin PBXProject section */
		97AD1A262C624E020045C38D /* Project object */ = {
			isa = PBXProject;
			attributes = {
				BuildIndependentTargetsInParallel = 1;
				LastSwiftUpdateCheck = 1540;
				LastUpgradeCheck = 1600;
				TargetAttributes = {
					97AD1A2D2C624E020045C38D = {
						CreatedOnToolsVersion = 15.4;
					};
					97AD1A402C624E040045C38D = {
						CreatedOnToolsVersion = 15.4;
						TestTargetID = 97AD1A2D2C624E020045C38D;
					};
					97AD1A4A2C624E040045C38D = {
						CreatedOnToolsVersion = 15.4;
						TestTargetID = 97AD1A2D2C624E020045C38D;
					};
				};
			};
			buildConfigurationList = 97AD1A292C624E020045C38D /* Build configuration list for PBXProject "MiMiNavigator" */;
			compatibilityVersion = "Xcode 14.0";
			developmentRegion = en;
			hasScannedForEncodings = 0;
			knownRegions = (
				en,
				Base,
			);
			mainGroup = 97AD1A252C624E020045C38D;
			productRefGroup = 97AD1A2F2C624E020045C38D /* Products */;
			projectDirPath = "";
			projectRoot = "";
			targets = (
				97AD1A2D2C624E020045C38D /* MiMiNavigator */,
				97AD1A402C624E040045C38D /* MiMiNavigatorTests */,
				97AD1A4A2C624E040045C38D /* MiMiNavigatorUITests */,
			);
		};
/* End PBXProject section */

/* Begin PBXResourcesBuildPhase section */
		97AD1A2C2C624E020045C38D /* Resources */ = {
			isa = PBXResourcesBuildPhase;
			buildActionMask = 2147483647;
			files = (
				97AD1A3B2C624E040045C38D /* Preview Assets.xcassets in Resources */,
				97AD1A382C624E040045C38D /* Assets.xcassets in Resources */,
			);
			runOnlyForDeploymentPostprocessing = 0;
		};
		97AD1A3F2C624E040045C38D /* Resources */ = {
			isa = PBXResourcesBuildPhase;
			buildActionMask = 2147483647;
			files = (
			);
			runOnlyForDeploymentPostprocessing = 0;
		};
		97AD1A492C624E040045C38D /* Resources */ = {
			isa = PBXResourcesBuildPhase;
			buildActionMask = 2147483647;
			files = (
			);
			runOnlyForDeploymentPostprocessing = 0;
		};
/* End PBXResourcesBuildPhase section */

/* Begin PBXSourcesBuildPhase section */
		97AD1A2A2C624E020045C38D /* Sources */ = {
			isa = PBXSourcesBuildPhase;
			buildActionMask = 2147483647;
			files = (
				97AD1A342C624E020045C38D /* ContentView.swift in Sources */,
				9717B0142CA7548100D8B2EF /* UserPreferences.swift in Sources */,
				97AD1A362C624E020045C38D /* Item.swift in Sources */,
				97AD1A322C624E020045C38D /* MiMiNavigatorApp.swift in Sources */,
			);
			runOnlyForDeploymentPostprocessing = 0;
		};
		97AD1A3D2C624E040045C38D /* Sources */ = {
			isa = PBXSourcesBuildPhase;
			buildActionMask = 2147483647;
			files = (
				97AD1A462C624E040045C38D /* MiMiNavigatorTests.swift in Sources */,
			);
			runOnlyForDeploymentPostprocessing = 0;
		};
		97AD1A472C624E040045C38D /* Sources */ = {
			isa = PBXSourcesBuildPhase;
			buildActionMask = 2147483647;
			files = (
				97AD1A522C624E040045C38D /* MiMiNavigatorUITestsLaunchTests.swift in Sources */,
				97AD1A502C624E040045C38D /* MiMiNavigatorUITests.swift in Sources */,
			);
			runOnlyForDeploymentPostprocessing = 0;
		};
/* End PBXSourcesBuildPhase section */

/* Begin PBXTargetDependency section */
		97AD1A432C624E040045C38D /* PBXTargetDependency */ = {
			isa = PBXTargetDependency;
			target = 97AD1A2D2C624E020045C38D /* MiMiNavigator */;
			targetProxy = 97AD1A422C624E040045C38D /* PBXContainerItemProxy */;
		};
		97AD1A4D2C624E040045C38D /* PBXTargetDependency */ = {
			isa = PBXTargetDependency;
			target = 97AD1A2D2C624E020045C38D /* MiMiNavigator */;
			targetProxy = 97AD1A4C2C624E040045C38D /* PBXContainerItemProxy */;
		};
/* End PBXTargetDependency section */

/* Begin XCBuildConfiguration section */
		97AD1A532C624E040045C38D /* Debug */ = {
			isa = XCBuildConfiguration;
			buildSettings = {
				ALWAYS_SEARCH_USER_PATHS = NO;
				ASSETCATALOG_COMPILER_GENERATE_SWIFT_ASSET_SYMBOL_EXTENSIONS = YES;
				CLANG_ANALYZER_NONNULL = YES;
				CLANG_ANALYZER_NUMBER_OBJECT_CONVERSION = YES_AGGRESSIVE;
				CLANG_CXX_LANGUAGE_STANDARD = "gnu++20";
				CLANG_ENABLE_MODULES = YES;
				CLANG_ENABLE_OBJC_ARC = YES;
				CLANG_ENABLE_OBJC_WEAK = YES;
				CLANG_WARN_BLOCK_CAPTURE_AUTORELEASING = YES;
				CLANG_WARN_BOOL_CONVERSION = YES;
				CLANG_WARN_COMMA = YES;
				CLANG_WARN_CONSTANT_CONVERSION = YES;
				CLANG_WARN_DEPRECATED_OBJC_IMPLEMENTATIONS = YES;
				CLANG_WARN_DIRECT_OBJC_ISA_USAGE = YES_ERROR;
				CLANG_WARN_DOCUMENTATION_COMMENTS = YES;
				CLANG_WARN_EMPTY_BODY = YES;
				CLANG_WARN_ENUM_CONVERSION = YES;
				CLANG_WARN_INFINITE_RECURSION = YES;
				CLANG_WARN_INT_CONVERSION = YES;
				CLANG_WARN_NON_LITERAL_NULL_CONVERSION = YES;
				CLANG_WARN_OBJC_IMPLICIT_RETAIN_SELF = YES;
				CLANG_WARN_OBJC_LITERAL_CONVERSION = YES;
				CLANG_WARN_OBJC_ROOT_CLASS = YES_ERROR;
				CLANG_WARN_QUOTED_INCLUDE_IN_FRAMEWORK_HEADER = YES;
				CLANG_WARN_RANGE_LOOP_ANALYSIS = YES;
				CLANG_WARN_STRICT_PROTOTYPES = YES;
				CLANG_WARN_SUSPICIOUS_MOVE = YES;
				CLANG_WARN_UNGUARDED_AVAILABILITY = YES_AGGRESSIVE;
				CLANG_WARN_UNREACHABLE_CODE = YES;
				CLANG_WARN__DUPLICATE_METHOD_MATCH = YES;
				COPY_PHASE_STRIP = NO;
				DEAD_CODE_STRIPPING = YES;
				DEBUG_INFORMATION_FORMAT = dwarf;
				ENABLE_STRICT_OBJC_MSGSEND = YES;
				ENABLE_TESTABILITY = YES;
				ENABLE_USER_SCRIPT_SANDBOXING = YES;
				GCC_C_LANGUAGE_STANDARD = gnu17;
				GCC_DYNAMIC_NO_PIC = NO;
				GCC_NO_COMMON_BLOCKS = YES;
				GCC_OPTIMIZATION_LEVEL = 0;
				GCC_PREPROCESSOR_DEFINITIONS = (
					"DEBUG=1",
					"$(inherited)",
				);
				GCC_WARN_64_TO_32_BIT_CONVERSION = YES;
				GCC_WARN_ABOUT_RETURN_TYPE = YES_ERROR;
				GCC_WARN_UNDECLARED_SELECTOR = YES;
				GCC_WARN_UNINITIALIZED_AUTOS = YES_AGGRESSIVE;
				GCC_WARN_UNUSED_FUNCTION = YES;
				GCC_WARN_UNUSED_VARIABLE = YES;
				LOCALIZATION_PREFERS_STRING_CATALOGS = YES;
				MACOSX_DEPLOYMENT_TARGET = 14.5;
				MTL_ENABLE_DEBUG_INFO = INCLUDE_SOURCE;
				MTL_FAST_MATH = YES;
				ONLY_ACTIVE_ARCH = YES;
				SDKROOT = macosx;
				SWIFT_ACTIVE_COMPILATION_CONDITIONS = "DEBUG $(inherited)";
				SWIFT_OPTIMIZATION_LEVEL = "-Onone";
			};
			name = Debug;
		};
		97AD1A542C624E040045C38D /* Release */ = {
			isa = XCBuildConfiguration;
			buildSettings = {
				ALWAYS_SEARCH_USER_PATHS = NO;
				ASSETCATALOG_COMPILER_GENERATE_SWIFT_ASSET_SYMBOL_EXTENSIONS = YES;
				CLANG_ANALYZER_NONNULL = YES;
				CLANG_ANALYZER_NUMBER_OBJECT_CONVERSION = YES_AGGRESSIVE;
				CLANG_CXX_LANGUAGE_STANDARD = "gnu++20";
				CLANG_ENABLE_MODULES = YES;
				CLANG_ENABLE_OBJC_ARC = YES;
				CLANG_ENABLE_OBJC_WEAK = YES;
				CLANG_WARN_BLOCK_CAPTURE_AUTORELEASING = YES;
				CLANG_WARN_BOOL_CONVERSION = YES;
				CLANG_WARN_COMMA = YES;
				CLANG_WARN_CONSTANT_CONVERSION = YES;
				CLANG_WARN_DEPRECATED_OBJC_IMPLEMENTATIONS = YES;
				CLANG_WARN_DIRECT_OBJC_ISA_USAGE = YES_ERROR;
				CLANG_WARN_DOCUMENTATION_COMMENTS = YES;
				CLANG_WARN_EMPTY_BODY = YES;
				CLANG_WARN_ENUM_CONVERSION = YES;
				CLANG_WARN_INFINITE_RECURSION = YES;
				CLANG_WARN_INT_CONVERSION = YES;
				CLANG_WARN_NON_LITERAL_NULL_CONVERSION = YES;
				CLANG_WARN_OBJC_IMPLICIT_RETAIN_SELF = YES;
				CLANG_WARN_OBJC_LITERAL_CONVERSION = YES;
				CLANG_WARN_OBJC_ROOT_CLASS = YES_ERROR;
				CLANG_WARN_QUOTED_INCLUDE_IN_FRAMEWORK_HEADER = YES;
				CLANG_WARN_RANGE_LOOP_ANALYSIS = YES;
				CLANG_WARN_STRICT_PROTOTYPES = YES;
				CLANG_WARN_SUSPICIOUS_MOVE = YES;
				CLANG_WARN_UNGUARDED_AVAILABILITY = YES_AGGRESSIVE;
				CLANG_WARN_UNREACHABLE_CODE = YES;
				CLANG_WARN__DUPLICATE_METHOD_MATCH = YES;
				COPY_PHASE_STRIP = NO;
				DEAD_CODE_STRIPPING = YES;
				DEBUG_INFORMATION_FORMAT = "dwarf-with-dsym";
				ENABLE_NS_ASSERTIONS = NO;
				ENABLE_STRICT_OBJC_MSGSEND = YES;
				ENABLE_USER_SCRIPT_SANDBOXING = YES;
				GCC_C_LANGUAGE_STANDARD = gnu17;
				GCC_NO_COMMON_BLOCKS = YES;
				GCC_WARN_64_TO_32_BIT_CONVERSION = YES;
				GCC_WARN_ABOUT_RETURN_TYPE = YES_ERROR;
				GCC_WARN_UNDECLARED_SELECTOR = YES;
				GCC_WARN_UNINITIALIZED_AUTOS = YES_AGGRESSIVE;
				GCC_WARN_UNUSED_FUNCTION = YES;
				GCC_WARN_UNUSED_VARIABLE = YES;
				LOCALIZATION_PREFERS_STRING_CATALOGS = YES;
				MACOSX_DEPLOYMENT_TARGET = 14.5;
				MTL_ENABLE_DEBUG_INFO = NO;
				MTL_FAST_MATH = YES;
				SDKROOT = macosx;
				SWIFT_COMPILATION_MODE = wholemodule;
			};
			name = Release;
		};
		97AD1A562C624E040045C38D /* Debug */ = {
			isa = XCBuildConfiguration;
			buildSettings = {
				ASSETCATALOG_COMPILER_APPICON_NAME = AppIcon;
				ASSETCATALOG_COMPILER_GLOBAL_ACCENT_COLOR_NAME = AccentColor;
				ASSETCATALOG_COMPILER_INCLUDE_ALL_APPICON_ASSETS = YES;
				CODE_SIGN_ENTITLEMENTS = MiMiNavigator/MiMiNavigator.entitlements;
				CODE_SIGN_STYLE = Automatic;
				COMBINE_HIDPI_IMAGES = YES;
				CURRENT_PROJECT_VERSION = 1;
				DEAD_CODE_STRIPPING = YES;
				DEVELOPMENT_ASSET_PATHS = "\"MiMiNavigator/Preview Content\"";
				DEVELOPMENT_TEAM = G2V9T9AD95;
				ENABLE_HARDENED_RUNTIME = YES;
				ENABLE_PREVIEWS = YES;
				GENERATE_INFOPLIST_FILE = YES;
				INFOPLIST_FILE = MiMiNavigator/Info.plist;
				INFOPLIST_KEY_LSApplicationCategoryType = "public.app-category.utilities";
				INFOPLIST_KEY_NSHumanReadableCopyright = "";
				LD_RUNPATH_SEARCH_PATHS = (
					"$(inherited)",
					"@executable_path/../Frameworks",
				);
				MACOSX_DEPLOYMENT_TARGET = 15.0;
				MARKETING_VERSION = 1.0;
				PRODUCT_BUNDLE_IDENTIFIER = Senatov.MiMiNavigator;
				PRODUCT_NAME = "$(TARGET_NAME)";
				SWIFT_EMIT_LOC_STRINGS = YES;
				SWIFT_VERSION = 5.0;
			};
			name = Debug;
		};
		97AD1A572C624E040045C38D /* Release */ = {
			isa = XCBuildConfiguration;
			buildSettings = {
				ASSETCATALOG_COMPILER_APPICON_NAME = AppIcon;
				ASSETCATALOG_COMPILER_GLOBAL_ACCENT_COLOR_NAME = AccentColor;
				ASSETCATALOG_COMPILER_INCLUDE_ALL_APPICON_ASSETS = YES;
				CODE_SIGN_ENTITLEMENTS = MiMiNavigator/MiMiNavigatorRelease.entitlements;
				"CODE_SIGN_IDENTITY[sdk=macosx*]" = "Apple Development";
				CODE_SIGN_STYLE = Automatic;
				COMBINE_HIDPI_IMAGES = YES;
				CURRENT_PROJECT_VERSION = 1;
				DEAD_CODE_STRIPPING = YES;
				DEVELOPMENT_ASSET_PATHS = "\"MiMiNavigator/Preview Content\"";
				DEVELOPMENT_TEAM = G2V9T9AD95;
				ENABLE_HARDENED_RUNTIME = YES;
				ENABLE_PREVIEWS = YES;
				GENERATE_INFOPLIST_FILE = YES;
				INFOPLIST_FILE = MiMiNavigator/Info.plist;
				INFOPLIST_KEY_LSApplicationCategoryType = "public.app-category.utilities";
				INFOPLIST_KEY_NSHumanReadableCopyright = "";
				LD_RUNPATH_SEARCH_PATHS = (
					"$(inherited)",
					"@executable_path/../Frameworks",
				);
				MACOSX_DEPLOYMENT_TARGET = 15.0;
				MARKETING_VERSION = 1.0;
				PRODUCT_BUNDLE_IDENTIFIER = Senatov.MiMiNavigator;
				PRODUCT_NAME = "$(TARGET_NAME)";
				SWIFT_EMIT_LOC_STRINGS = YES;
				SWIFT_VERSION = 5.0;
			};
			name = Release;
		};
		97AD1A592C624E040045C38D /* Debug */ = {
			isa = XCBuildConfiguration;
			buildSettings = {
				BUNDLE_LOADER = "$(TEST_HOST)";
				CODE_SIGN_STYLE = Automatic;
				CURRENT_PROJECT_VERSION = 1;
				DEAD_CODE_STRIPPING = YES;
				DEVELOPMENT_TEAM = G2V9T9AD95;
				GENERATE_INFOPLIST_FILE = YES;
				MACOSX_DEPLOYMENT_TARGET = 15.0;
				MARKETING_VERSION = 1.0;
				PRODUCT_BUNDLE_IDENTIFIER = Senatov.MiMiNavigatorTests;
				PRODUCT_NAME = "$(TARGET_NAME)";
				SWIFT_EMIT_LOC_STRINGS = NO;
				SWIFT_VERSION = 5.0;
				TEST_HOST = "$(BUILT_PRODUCTS_DIR)/MiMiNavigator.app/$(BUNDLE_EXECUTABLE_FOLDER_PATH)/MiMiNavigator";
			};
			name = Debug;
		};
		97AD1A5A2C624E040045C38D /* Release */ = {
			isa = XCBuildConfiguration;
			buildSettings = {
				BUNDLE_LOADER = "$(TEST_HOST)";
				CODE_SIGN_STYLE = Automatic;
				CURRENT_PROJECT_VERSION = 1;
				DEAD_CODE_STRIPPING = YES;
				DEVELOPMENT_TEAM = G2V9T9AD95;
				GENERATE_INFOPLIST_FILE = YES;
				MACOSX_DEPLOYMENT_TARGET = 15.0;
				MARKETING_VERSION = 1.0;
				PRODUCT_BUNDLE_IDENTIFIER = Senatov.MiMiNavigatorTests;
				PRODUCT_NAME = "$(TARGET_NAME)";
				SWIFT_EMIT_LOC_STRINGS = NO;
				SWIFT_VERSION = 5.0;
				TEST_HOST = "$(BUILT_PRODUCTS_DIR)/MiMiNavigator.app/$(BUNDLE_EXECUTABLE_FOLDER_PATH)/MiMiNavigator";
			};
			name = Release;
		};
		97AD1A5C2C624E040045C38D /* Debug */ = {
			isa = XCBuildConfiguration;
			buildSettings = {
				CODE_SIGN_STYLE = Automatic;
				CURRENT_PROJECT_VERSION = 1;
				DEAD_CODE_STRIPPING = YES;
				DEVELOPMENT_TEAM = G2V9T9AD95;
				GENERATE_INFOPLIST_FILE = YES;
				MACOSX_DEPLOYMENT_TARGET = 15.0;
				MARKETING_VERSION = 1.0;
				PRODUCT_BUNDLE_IDENTIFIER = Senatov.MiMiNavigatorUITests;
				PRODUCT_NAME = "$(TARGET_NAME)";
				SWIFT_EMIT_LOC_STRINGS = NO;
				SWIFT_VERSION = 5.0;
				TEST_TARGET_NAME = MiMiNavigator;
			};
			name = Debug;
		};
		97AD1A5D2C624E040045C38D /* Release */ = {
			isa = XCBuildConfiguration;
			buildSettings = {
				CODE_SIGN_STYLE = Automatic;
				CURRENT_PROJECT_VERSION = 1;
				DEAD_CODE_STRIPPING = YES;
				DEVELOPMENT_TEAM = G2V9T9AD95;
				GENERATE_INFOPLIST_FILE = YES;
				MACOSX_DEPLOYMENT_TARGET = 15.0;
				MARKETING_VERSION = 1.0;
				PRODUCT_BUNDLE_IDENTIFIER = Senatov.MiMiNavigatorUITests;
				PRODUCT_NAME = "$(TARGET_NAME)";
				SWIFT_EMIT_LOC_STRINGS = NO;
				SWIFT_VERSION = 5.0;
				TEST_TARGET_NAME = MiMiNavigator;
			};
			name = Release;
		};
/* End XCBuildConfiguration section */

/* Begin XCConfigurationList section */
		97AD1A292C624E020045C38D /* Build configuration list for PBXProject "MiMiNavigator" */ = {
			isa = XCConfigurationList;
			buildConfigurations = (
				97AD1A532C624E040045C38D /* Debug */,
				97AD1A542C624E040045C38D /* Release */,
			);
			defaultConfigurationIsVisible = 0;
			defaultConfigurationName = Debug;
		};
		97AD1A552C624E040045C38D /* Build configuration list for PBXNativeTarget "MiMiNavigator" */ = {
			isa = XCConfigurationList;
			buildConfigurations = (
				97AD1A562C624E040045C38D /* Debug */,
				97AD1A572C624E040045C38D /* Release */,
			);
			defaultConfigurationIsVisible = 0;
			defaultConfigurationName = Debug;
		};
		97AD1A582C624E040045C38D /* Build configuration list for PBXNativeTarget "MiMiNavigatorTests" */ = {
			isa = XCConfigurationList;
			buildConfigurations = (
				97AD1A592C624E040045C38D /* Debug */,
				97AD1A5A2C624E040045C38D /* Release */,
			);
			defaultConfigurationIsVisible = 0;
			defaultConfigurationName = Debug;
		};
		97AD1A5B2C624E040045C38D /* Build configuration list for PBXNativeTarget "MiMiNavigatorUITests" */ = {
			isa = XCConfigurationList;
			buildConfigurations = (
				97AD1A5C2C624E040045C38D /* Debug */,
				97AD1A5D2C624E040045C38D /* Release */,
			);
			defaultConfigurationIsVisible = 0;
			defaultConfigurationName = Debug;
		};
/* End XCConfigurationList section */
	};
	rootObject = 97AD1A262C624E020045C38D /* Project object */;
}
